# This file is automatically @generated by Cargo.
# It is not intended for manual editing.
version = 4

[[package]]
name = "baesql-cli"
version = "0.1.0"
dependencies = [
 "baesql-core",
 "baesql-sql",
]

[[package]]
name = "baesql-core"
version = "0.1.0"
dependencies = [
 "baesql-sql",
]

[[package]]
name = "baesql-sql"
version = "0.1.0"
